// !$*UTF8*$!
{
	archiveVersion = 1;
	classes = {
	};
	objectVersion = 46;
	objects = {

/* Begin PBXBuildFile section */
		0578A5A11F3D82AB00392915 /* UserGuidView.m in Sources */ = {isa = PBXBuildFile; fileRef = 0578A5A01F3D82AB00392915 /* UserGuidView.m */; };
		0578A5A41F3D83E100392915 /* UIColor+Appearance.m in Sources */ = {isa = PBXBuildFile; fileRef = 0578A5A31F3D83E100392915 /* UIColor+Appearance.m */; };
		05A648631E13DA8B00E1ED30 /* main.m in Sources */ = {isa = PBXBuildFile; fileRef = 05A648621E13DA8B00E1ED30 /* main.m */; };
		05A648661E13DA8B00E1ED30 /* AppDelegate.m in Sources */ = {isa = PBXBuildFile; fileRef = 05A648651E13DA8B00E1ED30 /* AppDelegate.m */; };
		05A648691E13DA8B00E1ED30 /* ViewController.m in Sources */ = {isa = PBXBuildFile; fileRef = 05A648681E13DA8B00E1ED30 /* ViewController.m */; };
		05A6486C1E13DA8B00E1ED30 /* Main.storyboard in Resources */ = {isa = PBXBuildFile; fileRef = 05A6486A1E13DA8B00E1ED30 /* Main.storyboard */; };
		05A6486E1E13DA8B00E1ED30 /* Assets.xcassets in Resources */ = {isa = PBXBuildFile; fileRef = 05A6486D1E13DA8B00E1ED30 /* Assets.xcassets */; };
		05A648711E13DA8B00E1ED30 /* LaunchScreen.storyboard in Resources */ = {isa = PBXBuildFile; fileRef = 05A6486F1E13DA8B00E1ED30 /* LaunchScreen.storyboard */; };
		05A6487C1E13DA8C00E1ED30 /* TransformTests.m in Sources */ = {isa = PBXBuildFile; fileRef = 05A6487B1E13DA8C00E1ED30 /* TransformTests.m */; };
		05A648871E13DA8C00E1ED30 /* TransformUITests.m in Sources */ = {isa = PBXBuildFile; fileRef = 05A648861E13DA8C00E1ED30 /* TransformUITests.m */; };
/* End PBXBuildFile section */

/* Begin PBXContainerItemProxy section */
		05A648781E13DA8C00E1ED30 /* PBXContainerItemProxy */ = {
			isa = PBXContainerItemProxy;
			containerPortal = 05A648561E13DA8B00E1ED30 /* Project object */;
			proxyType = 1;
			remoteGlobalIDString = 05A6485D1E13DA8B00E1ED30;
			remoteInfo = Transform;
		};
		05A648831E13DA8C00E1ED30 /* PBXContainerItemProxy */ = {
			isa = PBXContainerItemProxy;
			containerPortal = 05A648561E13DA8B00E1ED30 /* Project object */;
			proxyType = 1;
			remoteGlobalIDString = 05A6485D1E13DA8B00E1ED30;
			remoteInfo = Transform;
		};
/* End PBXContainerItemProxy section */

/* Begin PBXFileReference section */
		0578A59F1F3D82AB00392915 /* UserGuidView.h */ = {isa = PBXFileReference; fileEncoding = 4; lastKnownFileType = sourcecode.c.h; path = UserGuidView.h; sourceTree = "<group>"; };
		0578A5A01F3D82AB00392915 /* UserGuidView.m */ = {isa = PBXFileReference; fileEncoding = 4; lastKnownFileType = sourcecode.c.objc; path = UserGuidView.m; sourceTree = "<group>"; };
		0578A5A21F3D83E100392915 /* UIColor+Appearance.h */ = {isa = PBXFileReference; fileEncoding = 4; lastKnownFileType = sourcecode.c.h; path = "UIColor+Appearance.h"; sourceTree = "<group>"; };
		0578A5A31F3D83E100392915 /* UIColor+Appearance.m */ = {isa = PBXFileReference; fileEncoding = 4; lastKnownFileType = sourcecode.c.objc; path = "UIColor+Appearance.m"; sourceTree = "<group>"; };
		05A6485E1E13DA8B00E1ED30 /* Transform.app */ = {isa = PBXFileReference; explicitFileType = wrapper.application; includeInIndex = 0; path = Transform.app; sourceTree = BUILT_PRODUCTS_DIR; };
		05A648621E13DA8B00E1ED30 /* main.m */ = {isa = PBXFileReference; lastKnownFileType = sourcecode.c.objc; path = main.m; sourceTree = "<group>"; };
		05A648641E13DA8B00E1ED30 /* AppDelegate.h */ = {isa = PBXFileReference; lastKnownFileType = sourcecode.c.h; path = AppDelegate.h; sourceTree = "<group>"; };
		05A648651E13DA8B00E1ED30 /* AppDelegate.m */ = {isa = PBXFileReference; lastKnownFileType = sourcecode.c.objc; path = AppDelegate.m; sourceTree = "<group>"; };
		05A648671E13DA8B00E1ED30 /* ViewController.h */ = {isa = PBXFileReference; lastKnownFileType = sourcecode.c.h; path = ViewController.h; sourceTree = "<group>"; };
		05A648681E13DA8B00E1ED30 /* ViewController.m */ = {isa = PBXFileReference; lastKnownFileType = sourcecode.c.objc; path = ViewController.m; sourceTree = "<group>"; };
		05A6486B1E13DA8B00E1ED30 /* Base */ = {isa = PBXFileReference; lastKnownFileType = file.storyboard; name = Base; path = Base.lproj/Main.storyboard; sourceTree = "<group>"; };
		05A6486D1E13DA8B00E1ED30 /* Assets.xcassets */ = {isa = PBXFileReference; lastKnownFileType = folder.assetcatalog; path = Assets.xcassets; sourceTree = "<group>"; };
		05A648701E13DA8B00E1ED30 /* Base */ = {isa = PBXFileReference; lastKnownFileType = file.storyboard; name = Base; path = Base.lproj/LaunchScreen.storyboard; sourceTree = "<group>"; };
		05A648721E13DA8B00E1ED30 /* Info.plist */ = {isa = PBXFileReference; lastKnownFileType = text.plist.xml; path = Info.plist; sourceTree = "<group>"; };
		05A648771E13DA8C00E1ED30 /* TransformTests.xctest */ = {isa = PBXFileReference; explicitFileType = wrapper.cfbundle; includeInIndex = 0; path = TransformTests.xctest; sourceTree = BUILT_PRODUCTS_DIR; };
		05A6487B1E13DA8C00E1ED30 /* TransformTests.m */ = {isa = PBXFileReference; lastKnownFileType = sourcecode.c.objc; path = TransformTests.m; sourceTree = "<group>"; };
		05A6487D1E13DA8C00E1ED30 /* Info.plist */ = {isa = PBXFileReference; lastKnownFileType = text.plist.xml; path = Info.plist; sourceTree = "<group>"; };
		05A648821E13DA8C00E1ED30 /* TransformUITests.xctest */ = {isa = PBXFileReference; explicitFileType = wrapper.cfbundle; includeInIndex = 0; path = TransformUITests.xctest; sourceTree = BUILT_PRODUCTS_DIR; };
		05A648861E13DA8C00E1ED30 /* TransformUITests.m */ = {isa = PBXFileReference; lastKnownFileType = sourcecode.c.objc; path = TransformUITests.m; sourceTree = "<group>"; };
		05A648881E13DA8C00E1ED30 /* Info.plist */ = {isa = PBXFileReference; lastKnownFileType = text.plist.xml; path = Info.plist; sourceTree = "<group>"; };
/* End PBXFileReference section */

/* Begin PBXFrameworksBuildPhase section */
		05A6485B1E13DA8B00E1ED30 /* Frameworks */ = {
			isa = PBXFrameworksBuildPhase;
			buildActionMask = 2147483647;
			files = (
			);
			runOnlyForDeploymentPostprocessing = 0;
		};
		05A648741E13DA8C00E1ED30 /* Frameworks */ = {
			isa = PBXFrameworksBuildPhase;
			buildActionMask = 2147483647;
			files = (
			);
			runOnlyForDeploymentPostprocessing = 0;
		};
		05A6487F1E13DA8C00E1ED30 /* Frameworks */ = {
			isa = PBXFrameworksBuildPhase;
			buildActionMask = 2147483647;
			files = (
			);
			runOnlyForDeploymentPostprocessing = 0;
		};
/* End PBXFrameworksBuildPhase section */

/* Begin PBXGroup section */
		05A648551E13DA8B00E1ED30 = {
			isa = PBXGroup;
			children = (
				05A648601E13DA8B00E1ED30 /* Transform */,
				05A6487A1E13DA8C00E1ED30 /* TransformTests */,
				05A648851E13DA8C00E1ED30 /* TransformUITests */,
				05A6485F1E13DA8B00E1ED30 /* Products */,
			);
			sourceTree = "<group>";
		};
		05A6485F1E13DA8B00E1ED30 /* Products */ = {
			isa = PBXGroup;
			children = (
				05A6485E1E13DA8B00E1ED30 /* Transform.app */,
				05A648771E13DA8C00E1ED30 /* TransformTests.xctest */,
				05A648821E13DA8C00E1ED30 /* TransformUITests.xctest */,
			);
			name = Products;
			sourceTree = "<group>";
		};
		05A648601E13DA8B00E1ED30 /* Transform */ = {
			isa = PBXGroup;
			children = (
				0578A5A21F3D83E100392915 /* UIColor+Appearance.h */,
				0578A5A31F3D83E100392915 /* UIColor+Appearance.m */,
				0578A59F1F3D82AB00392915 /* UserGuidView.h */,
				0578A5A01F3D82AB00392915 /* UserGuidView.m */,
				05A648641E13DA8B00E1ED30 /* AppDelegate.h */,
				05A648651E13DA8B00E1ED30 /* AppDelegate.m */,
				05A648671E13DA8B00E1ED30 /* ViewController.h */,
				05A648681E13DA8B00E1ED30 /* ViewController.m */,
				05A6486A1E13DA8B00E1ED30 /* Main.storyboard */,
				05A6486D1E13DA8B00E1ED30 /* Assets.xcassets */,
				05A6486F1E13DA8B00E1ED30 /* LaunchScreen.storyboard */,
				05A648721E13DA8B00E1ED30 /* Info.plist */,
				05A648611E13DA8B00E1ED30 /* Supporting Files */,
			);
			path = Transform;
			sourceTree = "<group>";
		};
		05A648611E13DA8B00E1ED30 /* Supporting Files */ = {
			isa = PBXGroup;
			children = (
				05A648621E13DA8B00E1ED30 /* main.m */,
			);
			name = "Supporting Files";
			sourceTree = "<group>";
		};
		05A6487A1E13DA8C00E1ED30 /* TransformTests */ = {
			isa = PBXGroup;
			children = (
				05A6487B1E13DA8C00E1ED30 /* TransformTests.m */,
				05A6487D1E13DA8C00E1ED30 /* Info.plist */,
			);
			path = TransformTests;
			sourceTree = "<group>";
		};
		05A648851E13DA8C00E1ED30 /* TransformUITests */ = {
			isa = PBXGroup;
			children = (
				05A648861E13DA8C00E1ED30 /* TransformUITests.m */,
				05A648881E13DA8C00E1ED30 /* Info.plist */,
			);
			path = TransformUITests;
			sourceTree = "<group>";
		};
/* End PBXGroup section */

/* Begin PBXNativeTarget section */
		05A6485D1E13DA8B00E1ED30 /* Transform */ = {
			isa = PBXNativeTarget;
			buildConfigurationList = 05A6488B1E13DA8C00E1ED30 /* Build configuration list for PBXNativeTarget "Transform" */;
			buildPhases = (
				05A6485A1E13DA8B00E1ED30 /* Sources */,
				05A6485B1E13DA8B00E1ED30 /* Frameworks */,
				05A6485C1E13DA8B00E1ED30 /* Resources */,
			);
			buildRules = (
			);
			dependencies = (
			);
			name = Transform;
			productName = Transform;
			productReference = 05A6485E1E13DA8B00E1ED30 /* Transform.app */;
			productType = "com.apple.product-type.application";
		};
		05A648761E13DA8C00E1ED30 /* TransformTests */ = {
			isa = PBXNativeTarget;
			buildConfigurationList = 05A6488E1E13DA8C00E1ED30 /* Build configuration list for PBXNativeTarget "TransformTests" */;
			buildPhases = (
				05A648731E13DA8C00E1ED30 /* Sources */,
				05A648741E13DA8C00E1ED30 /* Frameworks */,
				05A648751E13DA8C00E1ED30 /* Resources */,
			);
			buildRules = (
			);
			dependencies = (
				05A648791E13DA8C00E1ED30 /* PBXTargetDependency */,
			);
			name = TransformTests;
			productName = TransformTests;
			productReference = 05A648771E13DA8C00E1ED30 /* TransformTests.xctest */;
			productType = "com.apple.product-type.bundle.unit-test";
		};
		05A648811E13DA8C00E1ED30 /* TransformUITests */ = {
			isa = PBXNativeTarget;
			buildConfigurationList = 05A648911E13DA8C00E1ED30 /* Build configuration list for PBXNativeTarget "TransformUITests" */;
			buildPhases = (
				05A6487E1E13DA8C00E1ED30 /* Sources */,
				05A6487F1E13DA8C00E1ED30 /* Frameworks */,
				05A648801E13DA8C00E1ED30 /* Resources */,
			);
			buildRules = (
			);
			dependencies = (
				05A648841E13DA8C00E1ED30 /* PBXTargetDependency */,
			);
			name = TransformUITests;
			productName = TransformUITests;
			productReference = 05A648821E13DA8C00E1ED30 /* TransformUITests.xctest */;
			productType = "com.apple.product-type.bundle.ui-testing";
		};
/* End PBXNativeTarget section */

/* Begin PBXProject section */
		05A648561E13DA8B00E1ED30 /* Project object */ = {
			isa = PBXProject;
			attributes = {
				LastUpgradeCheck = 0820;
				ORGANIZATIONNAME = tuhaisheng;
				TargetAttributes = {
					05A6485D1E13DA8B00E1ED30 = {
						CreatedOnToolsVersion = 8.2.1;
						DevelopmentTeam = A42UQYSJY2;
						ProvisioningStyle = Automatic;
					};
					05A648761E13DA8C00E1ED30 = {
						CreatedOnToolsVersion = 8.2.1;
						DevelopmentTeam = A42UQYSJY2;
						ProvisioningStyle = Automatic;
						TestTargetID = 05A6485D1E13DA8B00E1ED30;
					};
					05A648811E13DA8C00E1ED30 = {
						CreatedOnToolsVersion = 8.2.1;
						DevelopmentTeam = A42UQYSJY2;
						ProvisioningStyle = Automatic;
						TestTargetID = 05A6485D1E13DA8B00E1ED30;
					};
				};
			};
			buildConfigurationList = 05A648591E13DA8B00E1ED30 /* Build configuration list for PBXProject "Transform" */;
			compatibilityVersion = "Xcode 3.2";
			developmentRegion = English;
			hasScannedForEncodings = 0;
			knownRegions = (
				en,
				Base,
			);
			mainGroup = 05A648551E13DA8B00E1ED30;
			productRefGroup = 05A6485F1E13DA8B00E1ED30 /* Products */;
			projectDirPath = "";
			projectRoot = "";
			targets = (
				05A6485D1E13DA8B00E1ED30 /* Transform */,
				05A648761E13DA8C00E1ED30 /* TransformTests */,
				05A648811E13DA8C00E1ED30 /* TransformUITests */,
			);
		};
/* End PBXProject section */

/* Begin PBXResourcesBuildPhase section */
		05A6485C1E13DA8B00E1ED30 /* Resources */ = {
			isa = PBXResourcesBuildPhase;
			buildActionMask = 2147483647;
			files = (
				05A648711E13DA8B00E1ED30 /* LaunchScreen.storyboard in Resources */,
				05A6486E1E13DA8B00E1ED30 /* Assets.xcassets in Resources */,
				05A6486C1E13DA8B00E1ED30 /* Main.storyboard in Resources */,
			);
			runOnlyForDeploymentPostprocessing = 0;
		};
		05A648751E13DA8C00E1ED30 /* Resources */ = {
			isa = PBXResourcesBuildPhase;
			buildActionMask = 2147483647;
			files = (
			);
			runOnlyForDeploymentPostprocessing = 0;
		};
		05A648801E13DA8C00E1ED30 /* Resources */ = {
			isa = PBXResourcesBuildPhase;
			buildActionMask = 2147483647;
			files = (
			);
			runOnlyForDeploymentPostprocessing = 0;
		};
/* End PBXResourcesBuildPhase section */

/* Begin PBXSourcesBuildPhase section */
		05A6485A1E13DA8B00E1ED30 /* Sources */ = {
			isa = PBXSourcesBuildPhase;
			buildActionMask = 2147483647;
			files = (
				05A648691E13DA8B00E1ED30 /* ViewController.m in Sources */,
				05A648661E13DA8B00E1ED30 /* AppDelegate.m in Sources */,
				0578A5A11F3D82AB00392915 /* UserGuidView.m in Sources */,
				05A648631E13DA8B00E1ED30 /* main.m in Sources */,
				0578A5A41F3D83E100392915 /* UIColor+Appearance.m in Sources */,
			);
			runOnlyForDeploymentPostprocessing = 0;
		};
		05A648731E13DA8C00E1ED30 /* Sources */ = {
			isa = PBXSourcesBuildPhase;
			buildActionMask = 2147483647;
			files = (
				05A6487C1E13DA8C00E1ED30 /* TransformTests.m in Sources */,
			);
			runOnlyForDeploymentPostprocessing = 0;
		};
		05A6487E1E13DA8C00E1ED30 /* Sources */ = {
			isa = PBXSourcesBuildPhase;
			buildActionMask = 2147483647;
			files = (
				05A648871E13DA8C00E1ED30 /* TransformUITests.m in Sources */,
			);
			runOnlyForDeploymentPostprocessing = 0;
		};
/* End PBXSourcesBuildPhase section */

/* Begin PBXTargetDependency section */
		05A648791E13DA8C00E1ED30 /* PBXTargetDependency */ = {
			isa = PBXTargetDependency;
			target = 05A6485D1E13DA8B00E1ED30 /* Transform */;
			targetProxy = 05A648781E13DA8C00E1ED30 /* PBXContainerItemProxy */;
		};
		05A648841E13DA8C00E1ED30 /* PBXTargetDependency */ = {
			isa = PBXTargetDependency;
			target = 05A6485D1E13DA8B00E1ED30 /* Transform */;
			targetProxy = 05A648831E13DA8C00E1ED30 /* PBXContainerItemProxy */;
		};
/* End PBXTargetDependency section */

/* Begin PBXVariantGroup section */
		05A6486A1E13DA8B00E1ED30 /* Main.storyboard */ = {
			isa = PBXVariantGroup;
			children = (
				05A6486B1E13DA8B00E1ED30 /* Base */,
			);
			name = Main.storyboard;
			sourceTree = "<group>";
		};
		05A6486F1E13DA8B00E1ED30 /* LaunchScreen.storyboard */ = {
			isa = PBXVariantGroup;
			children = (
				05A648701E13DA8B00E1ED30 /* Base */,
			);
			name = LaunchScreen.storyboard;
			sourceTree = "<group>";
		};
/* End PBXVariantGroup section */

/* Begin XCBuildConfiguration section */
		05A648891E13DA8C00E1ED30 /* Debug */ = {
			isa = XCBuildConfiguration;
			buildSettings = {
				ALWAYS_SEARCH_USER_PATHS = NO;
				CLANG_ANALYZER_NONNULL = YES;
				CLANG_CXX_LANGUAGE_STANDARD = "gnu++0x";
				CLANG_CXX_LIBRARY = "libc++";
				CLANG_ENABLE_MODULES = YES;
				CLANG_ENABLE_OBJC_ARC = YES;
				CLANG_WARN_BOOL_CONVERSION = YES;
				CLANG_WARN_CONSTANT_CONVERSION = YES;
				CLANG_WARN_DIRECT_OBJC_ISA_USAGE = YES_ERROR;
				CLANG_WARN_DOCUMENTATION_COMMENTS = YES;
				CLANG_WARN_EMPTY_BODY = YES;
				CLANG_WARN_ENUM_CONVERSION = YES;
				CLANG_WARN_INFINITE_RECURSION = YES;
				CLANG_WARN_INT_CONVERSION = YES;
				CLANG_WARN_OBJC_ROOT_CLASS = YES_ERROR;
				CLANG_WARN_SUSPICIOUS_MOVE = YES;
				CLANG_WARN_UNREACHABLE_CODE = YES;
				CLANG_WARN__DUPLICATE_METHOD_MATCH = YES;
				"CODE_SIGN_IDENTITY[sdk=iphoneos*]" = "iPhone Developer";
				COPY_PHASE_STRIP = NO;
				DEBUG_INFORMATION_FORMAT = dwarf;
				ENABLE_STRICT_OBJC_MSGSEND = YES;
				ENABLE_TESTABILITY = YES;
				GCC_C_LANGUAGE_STANDARD = gnu99;
				GCC_DYNAMIC_NO_PIC = NO;
				GCC_NO_COMMON_BLOCKS = YES;
				GCC_OPTIMIZATION_LEVEL = 0;
				GCC_PREPROCESSOR_DEFINITIONS = (
					"DEBUG=1",
					"$(inherited)",
				);
				GCC_WARN_64_TO_32_BIT_CONVERSION = YES;
				GCC_WARN_ABOUT_RETURN_TYPE = YES_ERROR;
				GCC_WARN_UNDECLARED_SELECTOR = YES;
				GCC_WARN_UNINITIALIZED_AUTOS = YES_AGGRESSIVE;
				GCC_WARN_UNUSED_FUNCTION = YES;
				GCC_WARN_UNUSED_VARIABLE = YES;
				IPHONEOS_DEPLOYMENT_TARGET = 10.2;
				MTL_ENABLE_DEBUG_INFO = YES;
				ONLY_ACTIVE_ARCH = YES;
				SDKROOT = iphoneos;
			};
			name = Debug;
		};
		05A6488A1E13DA8C00E1ED30 /* Release */ = {
			isa = XCBuildConfiguration;
			buildSettings = {
				ALWAYS_SEARCH_USER_PATHS = NO;
				CLANG_ANALYZER_NONNULL = YES;
				CLANG_CXX_LANGUAGE_STANDARD = "gnu++0x";
				CLANG_CXX_LIBRARY = "libc++";
				CLANG_ENABLE_MODULES = YES;
				CLANG_ENABLE_OBJC_ARC = YES;
				CLANG_WARN_BOOL_CONVERSION = YES;
				CLANG_WARN_CONSTANT_CONVERSION = YES;
				CLANG_WARN_DIRECT_OBJC_ISA_USAGE = YES_ERROR;
				CLANG_WARN_DOCUMENTATION_COMMENTS = YES;
				CLANG_WARN_EMPTY_BODY = YES;
				CLANG_WARN_ENUM_CONVERSION = YES;
				CLANG_WARN_INFINITE_RECURSION = YES;
				CLANG_WARN_INT_CONVERSION = YES;
				CLANG_WARN_OBJC_ROOT_CLASS = YES_ERROR;
				CLANG_WARN_SUSPICIOUS_MOVE = YES;
				CLANG_WARN_UNREACHABLE_CODE = YES;
				CLANG_WARN__DUPLICATE_METHOD_MATCH = YES;
				"CODE_SIGN_IDENTITY[sdk=iphoneos*]" = "iPhone Developer";
				COPY_PHASE_STRIP = NO;
				DEBUG_INFORMATION_FORMAT = "dwarf-with-dsym";
				ENABLE_NS_ASSERTIONS = NO;
				ENABLE_STRICT_OBJC_MSGSEND = YES;
				GCC_C_LANGUAGE_STANDARD = gnu99;
				GCC_NO_COMMON_BLOCKS = YES;
				GCC_WARN_64_TO_32_BIT_CONVERSION = YES;
				GCC_WARN_ABOUT_RETURN_TYPE = YES_ERROR;
				GCC_WARN_UNDECLARED_SELECTOR = YES;
				GCC_WARN_UNINITIALIZED_AUTOS = YES_AGGRESSIVE;
				GCC_WARN_UNUSED_FUNCTION = YES;
				GCC_WARN_UNUSED_VARIABLE = YES;
				IPHONEOS_DEPLOYMENT_TARGET = 10.2;
				MTL_ENABLE_DEBUG_INFO = NO;
				SDKROOT = iphoneos;
				VALIDATE_PRODUCT = YES;
			};
			name = Release;
		};
		05A6488C1E13DA8C00E1ED30 /* Debug */ = {
			isa = XCBuildConfiguration;
			buildSettings = {
				ASSETCATALOG_COMPILER_APPICON_NAME = AppIcon;
				DEVELOPMENT_TEAM = A42UQYSJY2;
				INFOPLIST_FILE = Transform/Info.plist;
				LD_RUNPATH_SEARCH_PATHS = "$(inherited) @executable_path/Frameworks";
				PRODUCT_BUNDLE_IDENTIFIER = com.wakeyoga.HXYOGA.Transform;
				PRODUCT_NAME = "$(TARGET_NAME)";
			};
			name = Debug;
		};
		05A6488D1E13DA8C00E1ED30 /* Release */ = {
			isa = XCBuildConfiguration;
			buildSettings = {
				ASSETCATALOG_COMPILER_APPICON_NAME = AppIcon;
				DEVELOPMENT_TEAM = A42UQYSJY2;
				INFOPLIST_FILE = Transform/Info.plist;
				LD_RUNPATH_SEARCH_PATHS = "$(inherited) @executable_path/Frameworks";
				PRODUCT_BUNDLE_IDENTIFIER = com.wakeyoga.HXYOGA.Transform;
				PRODUCT_NAME = "$(TARGET_NAME)";
			};
			name = Release;
		};
		05A6488F1E13DA8C00E1ED30 /* Debug */ = {
			isa = XCBuildConfiguration;
			buildSettings = {
				BUNDLE_LOADER = "$(TEST_HOST)";
				DEVELOPMENT_TEAM = A42UQYSJY2;
				INFOPLIST_FILE = TransformTests/Info.plist;
				LD_RUNPATH_SEARCH_PATHS = "$(inherited) @executable_path/Frameworks @loader_path/Frameworks";
				PRODUCT_BUNDLE_IDENTIFIER = com.wakeyoga.HXYOGA.TransformTests;
				PRODUCT_NAME = "$(TARGET_NAME)";
				TEST_HOST = "$(BUILT_PRODUCTS_DIR)/Transform.app/Transform";
			};
			name = Debug;
		};
		05A648901E13DA8C00E1ED30 /* Release */ = {
			isa = XCBuildConfiguration;
			buildSettings = {
				BUNDLE_LOADER = "$(TEST_HOST)";
				DEVELOPMENT_TEAM = A42UQYSJY2;
				INFOPLIST_FILE = TransformTests/Info.plist;
				LD_RUNPATH_SEARCH_PATHS = "$(inherited) @executable_path/Frameworks @loader_path/Frameworks";
				PRODUCT_BUNDLE_IDENTIFIER = com.wakeyoga.HXYOGA.TransformTests;
				PRODUCT_NAME = "$(TARGET_NAME)";
				TEST_HOST = "$(BUILT_PRODUCTS_DIR)/Transform.app/Transform";
			};
			name = Release;
		};
		05A648921E13DA8C00E1ED30 /* Debug */ = {
			isa = XCBuildConfiguration;
			buildSettings = {
				DEVELOPMENT_TEAM = A42UQYSJY2;
				INFOPLIST_FILE = TransformUITests/Info.plist;
				LD_RUNPATH_SEARCH_PATHS = "$(inherited) @executable_path/Frameworks @loader_path/Frameworks";
				PRODUCT_BUNDLE_IDENTIFIER = com.wakeyoga.HXYOGA.TransformUITests;
				PRODUCT_NAME = "$(TARGET_NAME)";
				TEST_TARGET_NAME = Transform;
			};
			name = Debug;
		};
		05A648931E13DA8C00E1ED30 /* Release */ = {
			isa = XCBuildConfiguration;
			buildSettings = {
				DEVELOPMENT_TEAM = A42UQYSJY2;
				INFOPLIST_FILE = TransformUITests/Info.plist;
				LD_RUNPATH_SEARCH_PATHS = "$(inherited) @executable_path/Frameworks @loader_path/Frameworks";
				PRODUCT_BUNDLE_IDENTIFIER = com.wakeyoga.HXYOGA.TransformUITests;
				PRODUCT_NAME = "$(TARGET_NAME)";
				TEST_TARGET_NAME = Transform;
			};
			name = Release;
		};
/* End XCBuildConfiguration section */

/* Begin XCConfigurationList section */
		05A648591E13DA8B00E1ED30 /* Build configuration list for PBXProject "Transform" */ = {
			isa = XCConfigurationList;
			buildConfigurations = (
				05A648891E13DA8C00E1ED30 /* Debug */,
				05A6488A1E13DA8C00E1ED30 /* Release */,
			);
			defaultConfigurationIsVisible = 0;
			defaultConfigurationName = Release;
		};
		05A6488B1E13DA8C00E1ED30 /* Build configuration list for PBXNativeTarget "Transform" */ = {
			isa = XCConfigurationList;
			buildConfigurations = (
				05A6488C1E13DA8C00E1ED30 /* Debug */,
				05A6488D1E13DA8C00E1ED30 /* Release */,
			);
			defaultConfigurationIsVisible = 0;
			defaultConfigurationName = Release;
		};
		05A6488E1E13DA8C00E1ED30 /* Build configuration list for PBXNativeTarget "TransformTests" */ = {
			isa = XCConfigurationList;
			buildConfigurations = (
				05A6488F1E13DA8C00E1ED30 /* Debug */,
				05A648901E13DA8C00E1ED30 /* Release */,
			);
			defaultConfigurationIsVisible = 0;
			defaultConfigurationName = Release;
		};
		05A648911E13DA8C00E1ED30 /* Build configuration list for PBXNativeTarget "TransformUITests" */ = {
			isa = XCConfigurationList;
			buildConfigurations = (
				05A648921E13DA8C00E1ED30 /* Debug */,
				05A648931E13DA8C00E1ED30 /* Release */,
			);
			defaultConfigurationIsVisible = 0;
			defaultConfigurationName = Release;
		};
/* End XCConfigurationList section */
	};
	rootObject = 05A648561E13DA8B00E1ED30 /* Project object */;
}
